
Microsoft Visual Studio Solution File, Format Version 12.00
# Visual Studio Version 17
VisualStudioVersion = 17.4.33103.184
MinimumVisualStudioVersion = 10.0.40219.1
Project("{FAE04EC0-301F-11D3-BF4B-00C04F79EFBC}") = "ConsoleApp14", "ConsoleApp14\ConsoleApp14.csproj", "{D62AF037-231A-4A1D-8940-7E843CD406AF}"
EndProject
Global
	GlobalSection(SolutionConfigurationPlatforms) = preSolution
		Debug|Any CPU = Debug|Any CPU
		Release|Any CPU = Release|Any CPU
	EndGlobalSection
	GlobalSection(ProjectConfigurationPlatforms) = postSolution
		{D62AF037-231A-4A1D-8940-7E843CD406AF}.Debug|Any CPU.ActiveCfg = Debug|Any CPU
		{D62AF037-231A-4A1D-8940-7E843CD406AF}.Debug|Any CPU.Build.0 = Debug|Any CPU
		{D62AF037-231A-4A1D-8940-7E843CD406AF}.Release|Any CPU.ActiveCfg = Release|Any CPU
		{D62AF037-231A-4A1D-8940-7E843CD406AF}.Release|Any CPU.Build.0 = Release|Any CPU
	EndGlobalSection
	GlobalSection(SolutionProperties) = preSolution
		HideSolutionNode = FALSE
	EndGlobalSection
	GlobalSection(ExtensibilityGlobals) = postSolution
		SolutionGuid = {04C7EFFA-296B-464C-8863-316760FF2959}
	EndGlobalSection
EndGlobal
